<?xml version="1.0" encoding="utf-8"?>
<Project ToolsVersion="17.0" xmlns="http://schemas.microsoft.com/developer/msbuild/2003">
  <ItemGroup>
    <CustomBuild Include="C:\Users\harri\Documents\maya\2025\scripts\rotoslang\src\LH\cpp\plugins\mayaplugin\CMakeFiles\95a940185a771198cea5f8331bbbc70e\generate.stamp.rule">
      <Filter>CMake Rules</Filter>
    </CustomBuild>
  </ItemGroup>
  <ItemGroup>
    <Filter Include="CMake Rules">
      <UniqueIdentifier>{1DC96C26-58EC-35FD-B4AE-C1C9E7744954}</UniqueIdentifier>
    </Filter>
  </ItemGroup>
</Project>
