// !$*UTF8*$!
{
	archiveVersion = 1;
	classes = {
	};
	objectVersion = 46;
	objects = {

/* Begin PBXBuildFile section */
		930AE68319A92065002FB57D /* pluginMain.cpp in Sources */ = {isa = PBXBuildFile; fileRef = 930AE68219A92065002FB57D /* pluginMain.cpp */; };
		93E0EDF919A91CA800E02E4F /* LHSlideDeformer.cpp in Sources */ = {isa = PBXBuildFile; fileRef = 93E0EDF719A91CA800E02E4F /* LHSlideDeformer.cpp */; };
		93E0EDFA19A91CA800E02E4F /* LHSlideDeformer.h in Headers */ = {isa = PBXBuildFile; fileRef = 93E0EDF819A91CA800E02E4F /* LHSlideDeformer.h */; };
/* End PBXBuildFile section */

/* Begin PBXFileReference section */
		930AE68219A92065002FB57D /* pluginMain.cpp */ = {isa = PBXFileReference; fileEncoding = 4; lastKnownFileType = sourcecode.cpp.cpp; path = pluginMain.cpp; sourceTree = "<group>"; };
		93E0EDF719A91CA800E02E4F /* LHSlideDeformer.cpp */ = {isa = PBXFileReference; fileEncoding = 4; lastKnownFileType = sourcecode.cpp.cpp; path = LHSlideDeformer.cpp; sourceTree = "<group>"; };
		93E0EDF819A91CA800E02E4F /* LHSlideDeformer.h */ = {isa = PBXFileReference; explicitFileType = sourcecode.cpp.h; fileEncoding = 4; path = LHSlideDeformer.h; sourceTree = SOURCE_ROOT; };
		D2AAC0630554660B00DB518D /* LHSlideDeformer.bundle */ = {isa = PBXFileReference; explicitFileType = "compiled.mach-o.dylib"; includeInIndex = 0; path = LHSlideDeformer.bundle; sourceTree = BUILT_PRODUCTS_DIR; };
/* End PBXFileReference section */

/* Begin PBXFrameworksBuildPhase section */
		D289988505E68E00004EDB86 /* Frameworks */ = {
			isa = PBXFrameworksBuildPhase;
			buildActionMask = 2147483647;
			files = (
			);
			runOnlyForDeploymentPostprocessing = 0;
		};
/* End PBXFrameworksBuildPhase section */

/* Begin PBXGroup section */
		08FB7794FE84155DC02AAC07 /* yTwistNodePlugin */ = {
			isa = PBXGroup;
			children = (
				930AE68219A92065002FB57D /* pluginMain.cpp */,
				93E0EDF719A91CA800E02E4F /* LHSlideDeformer.cpp */,
				93E0EDF819A91CA800E02E4F /* LHSlideDeformer.h */,
				08FB7795FE84155DC02AAC07 /* Source */,
				8A7F063208688F460064D097 /* Mel */,
				8A7F063308688F580064D097 /* Resources */,
				1AB674ADFE9D54B511CA2CBB /* Products */,
			);
			name = yTwistNodePlugin;
			sourceTree = "<group>";
		};
		08FB7795FE84155DC02AAC07 /* Source */ = {
			isa = PBXGroup;
			children = (
			);
			name = Source;
			sourceTree = "<group>";
		};
		1AB674ADFE9D54B511CA2CBB /* Products */ = {
			isa = PBXGroup;
			children = (
				D2AAC0630554660B00DB518D /* LHSlideDeformer.bundle */,
			);
			name = Products;
			sourceTree = "<group>";
		};
		8A7F063208688F460064D097 /* Mel */ = {
			isa = PBXGroup;
			children = (
			);
			name = Mel;
			sourceTree = "<group>";
		};
		8A7F063308688F580064D097 /* Resources */ = {
			isa = PBXGroup;
			children = (
			);
			name = Resources;
			sourceTree = "<group>";
		};
/* End PBXGroup section */

/* Begin PBXHeadersBuildPhase section */
		D2AAC0600554660B00DB518D /* Headers */ = {
			isa = PBXHeadersBuildPhase;
			buildActionMask = 2147483647;
			files = (
				93E0EDFA19A91CA800E02E4F /* LHSlideDeformer.h in Headers */,
			);
			runOnlyForDeploymentPostprocessing = 0;
		};
/* End PBXHeadersBuildPhase section */

/* Begin PBXNativeTarget section */
		D2AAC0620554660B00DB518D /* LHSlideDeformer */ = {
			isa = PBXNativeTarget;
			buildConfigurationList = 8A7F05ED086863A70064D097 /* Build configuration list for PBXNativeTarget "LHSlideDeformer" */;
			buildPhases = (
				D2AAC0600554660B00DB518D /* Headers */,
				D2AAC0610554660B00DB518D /* Sources */,
				D289988505E68E00004EDB86 /* Frameworks */,
			);
			buildRules = (
			);
			dependencies = (
			);
			name = LHSlideDeformer;
			productName = yTwistNodePlugin;
			productReference = D2AAC0630554660B00DB518D /* LHSlideDeformer.bundle */;
			productType = "com.apple.product-type.library.dynamic";
		};
/* End PBXNativeTarget section */

/* Begin PBXProject section */
		08FB7793FE84155DC02AAC07 /* Project object */ = {
			isa = PBXProject;
			attributes = {
				LastUpgradeCheck = 0600;
			};
			buildConfigurationList = 8A7F05F1086863A70064D097 /* Build configuration list for PBXProject "LHSlideDeformer" */;
			compatibilityVersion = "Xcode 3.2";
			developmentRegion = English;
			hasScannedForEncodings = 1;
			knownRegions = (
				en,
			);
			mainGroup = 08FB7794FE84155DC02AAC07 /* yTwistNodePlugin */;
			projectDirPath = "";
			projectRoot = "";
			targets = (
				D2AAC0620554660B00DB518D /* LHSlideDeformer */,
			);
		};
/* End PBXProject section */

/* Begin PBXSourcesBuildPhase section */
		D2AAC0610554660B00DB518D /* Sources */ = {
			isa = PBXSourcesBuildPhase;
			buildActionMask = 2147483647;
			files = (
				93E0EDF919A91CA800E02E4F /* LHSlideDeformer.cpp in Sources */,
				930AE68319A92065002FB57D /* pluginMain.cpp in Sources */,
			);
			runOnlyForDeploymentPostprocessing = 0;
		};
/* End PBXSourcesBuildPhase section */

/* Begin XCBuildConfiguration section */
		8A7F05EE086863A70064D097 /* Debug */ = {
			isa = XCBuildConfiguration;
			buildSettings = {
				CLANG_CXX_LIBRARY = "libstdc++";
				COMBINE_HIDPI_IMAGES = YES;
				CONFIGURATION_BUILD_DIR = /Users/leviharrison/Documents/workspace/maya/plugins;
				COPY_PHASE_STRIP = NO;
				DYLIB_COMPATIBILITY_VERSION = "";
				DYLIB_CURRENT_VERSION = "";
				EXECUTABLE_EXTENSION = bundle;
				GCC_DYNAMIC_NO_PIC = NO;
				GCC_ENABLE_FIX_AND_CONTINUE = YES;
				GCC_GENERATE_DEBUGGING_SYMBOLS = YES;
				GCC_MODEL_TUNING = G5;
				GCC_OPTIMIZATION_LEVEL = 0;
				GCC_WARN_ABOUT_RETURN_TYPE = YES;
				GCC_WARN_UNUSED_VARIABLE = YES;
				GENERATE_MASTER_OBJECT_FILE = YES;
				INSTALL_PATH = /usr/local/lib;
				LIBRARY_STYLE = BUNDLE;
				MACH_O_TYPE = mh_bundle;
				ONLY_ACTIVE_ARCH = NO;
				PREBINDING = NO;
				PRODUCT_NAME = LHSlideDeformer;
				ZERO_LINK = YES;
			};
			name = Debug;
		};
		8A7F05EF086863A70064D097 /* Release */ = {
			isa = XCBuildConfiguration;
			buildSettings = {
				CLANG_CXX_LIBRARY = "libstdc++";
				COMBINE_HIDPI_IMAGES = YES;
				CONFIGURATION_BUILD_DIR = "$(BUILD_DIR)/$(CONFIGURATION)$(EFFECTIVE_PLATFORM_NAME)";
				COPY_PHASE_STRIP = YES;
				DYLIB_COMPATIBILITY_VERSION = "";
				DYLIB_CURRENT_VERSION = "";
				EXECUTABLE_EXTENSION = bundle;
				GCC_ENABLE_FIX_AND_CONTINUE = NO;
				GCC_GENERATE_DEBUGGING_SYMBOLS = NO;
				GCC_MODEL_TUNING = G5;
				GCC_WARN_ABOUT_RETURN_TYPE = YES;
				GCC_WARN_UNUSED_VARIABLE = YES;
				GENERATE_MASTER_OBJECT_FILE = YES;
				INSTALL_PATH = /usr/local/lib;
				LIBRARY_STYLE = BUNDLE;
				MACH_O_TYPE = mh_bundle;
				ONLY_ACTIVE_ARCH = NO;
				PREBINDING = NO;
				PRODUCT_NAME = LHSlideDeformer;
				ZERO_LINK = NO;
			};
			name = Release;
		};
		8A7F05F2086863A70064D097 /* Debug */ = {
			isa = XCBuildConfiguration;
			buildSettings = {
				GCC_PRECOMPILE_PREFIX_HEADER = YES;
				GCC_PREFIX_HEADER = "$(MAYA_DIRECTORY)/devkit/include/maya/OpenMayaMac.h";
				GCC_PREPROCESSOR_DEFINITIONS = (
					MAC_PLUGIN,
					_BOOL,
					REQUIRE_IOSTREAM,
				);
				HEADER_SEARCH_PATHS = (
					.,
					"$(MAYA_DIRECTORY)/devkit/include/",
				);
				LIBRARY_SEARCH_PATHS = "$(MAYA_DIRECTORY)/Maya.app/Contents/MacOS";
				LIBRARY_STYLE = BUNDLE;
				MAYA_DIRECTORY = /Applications/Autodesk/maya2014;
				ONLY_ACTIVE_ARCH = YES;
				OTHER_LDFLAGS = (
					"-Wl,-executable_path,$(MAYA_DIRECTORY)/Maya.app/Contents/MacOS",
					"-Wl,-exported_symbol,__Z16initializePlugin7MObject",
					"-Wl,-exported_symbol,__Z18uninitializePlugin7MObject",
					"-lOpenMaya",
					"-lOpenMayaAnim",
					"-lFoundation",
				);
			};
			name = Debug;
		};
		8A7F05F3086863A70064D097 /* Release */ = {
			isa = XCBuildConfiguration;
			buildSettings = {
				GCC_PRECOMPILE_PREFIX_HEADER = YES;
				GCC_PREFIX_HEADER = "$(MAYA_DIRECTORY)/devkit/include/maya/OpenMayaMac.h";
				GCC_PREPROCESSOR_DEFINITIONS = (
					MAC_PLUGIN,
					_BOOL,
					REQUIRE_IOSTREAM,
				);
				HEADER_SEARCH_PATHS = (
					.,
					"$(MAYA_DIRECTORY)/devkit/include/",
				);
				LIBRARY_SEARCH_PATHS = "$(MAYA_DIRECTORY)/Maya.app/Contents/MacOS";
				LIBRARY_STYLE = BUNDLE;
				MAYA_DIRECTORY = /Applications/Autodesk/maya2014;
				OTHER_LDFLAGS = (
					"-Wl,-executable_path,$(MAYA_DIRECTORY)/Maya.app/Contents/MacOS",
					"-Wl,-exported_symbol,__Z16initializePlugin7MObject",
					"-Wl,-exported_symbol,__Z18uninitializePlugin7MObject",
					"-lOpenMaya",
					"-lOpenMayaAnim",
					"-lFoundation",
				);
			};
			name = Release;
		};
/* End XCBuildConfiguration section */

/* Begin XCConfigurationList section */
		8A7F05ED086863A70064D097 /* Build configuration list for PBXNativeTarget "LHSlideDeformer" */ = {
			isa = XCConfigurationList;
			buildConfigurations = (
				8A7F05EE086863A70064D097 /* Debug */,
				8A7F05EF086863A70064D097 /* Release */,
			);
			defaultConfigurationIsVisible = 0;
			defaultConfigurationName = Debug;
		};
		8A7F05F1086863A70064D097 /* Build configuration list for PBXProject "LHSlideDeformer" */ = {
			isa = XCConfigurationList;
			buildConfigurations = (
				8A7F05F2086863A70064D097 /* Debug */,
				8A7F05F3086863A70064D097 /* Release */,
			);
			defaultConfigurationIsVisible = 0;
			defaultConfigurationName = Debug;
		};
/* End XCConfigurationList section */
	};
	rootObject = 08FB7793FE84155DC02AAC07 /* Project object */;
}
